github.com/adamglenn/wvu-ds-v2-hugo-modules-hero v0.0.0-20240711002314-e67aba26bd1c h1:GEou/PDGJv/fos6XYNs+WnchWsKb9GMf5JP4nIVI+aQ=
github.com/adamglenn/wvu-ds-v2-hugo-modules-hero v0.0.0-20240711002314-e67aba26bd1c/go.mod h1:hvQXwzVHSv0ypFl0IlyMQoA88AUnOkarlL9quHnA5Xw=
github.com/adamglenn/wvu-ds-v2-hugo-modules-hero v0.0.0-20240711003927-8755d57ac567 h1:faLO1xwFfiLLy4IAPMDiMPmsDAg+wqOIcUNzxD0SMIo=
github.com/adamglenn/wvu-ds-v2-hugo-modules-hero v0.0.0-20240711003927-8755d57ac567/go.mod h1:hvQXwzVHSv0ypFl0IlyMQoA88AUnOkarlL9quHnA5Xw=
